
Microsoft Visual Studio Solution File, Format Version 12.00
# Visual Studio Version 17
VisualStudioVersion = 17.4.33213.308
MinimumVisualStudioVersion = 10.0.40219.1
Project("{888888A0-9F3D-457C-B088-3A5042F75D52}") = "Zbiór programów", "Zbiór programów\Zbiór programów.pyproj", "{83DAE71D-CFD1-4084-80EB-0356E608CADC}"
EndProject
Global
	GlobalSection(SolutionConfigurationPlatforms) = preSolution
		Debug|Any CPU = Debug|Any CPU
		Release|Any CPU = Release|Any CPU
	EndGlobalSection
	GlobalSection(ProjectConfigurationPlatforms) = postSolution
		{83DAE71D-CFD1-4084-80EB-0356E608CADC}.Debug|Any CPU.ActiveCfg = Debug|Any CPU
		{83DAE71D-CFD1-4084-80EB-0356E608CADC}.Release|Any CPU.ActiveCfg = Release|Any CPU
	EndGlobalSection
	GlobalSection(SolutionProperties) = preSolution
		HideSolutionNode = FALSE
	EndGlobalSection
	GlobalSection(ExtensibilityGlobals) = postSolution
		SolutionGuid = {E45331BE-6FA7-4276-8C8E-D23C2CAD946E}
	EndGlobalSection
EndGlobal
